github.com/google/hilbert v0.0.0-20181122061418-320f2e35a565 h1:KBAlCAY6eLC44FiEwbzEbHnpVlw15iVM4ZK8QpRIp4U=
github.com/google/hilbert v0.0.0-20181122061418-320f2e35a565/go.mod h1:xn6EodFfRzV6j8NXQRPjngeHWlrpOrsZPKuuLRThU1k=
golang.org/x/image v0.18.0 h1:jGzIakQa/ZXI1I0Fxvaa9W7yP25TqT6cHIHn+6CqvSQ=
golang.org/x/image v0.18.0/go.mod h1:4yyo5vMFQjVjUcVk4jEQcU9MGy/rulF5WvUILseCM2E=
